{
  "name": "frotaappui5",
  "version": "1.0.0",
  "lockfileVersion": 1,
  "requires": true,
  "dependencies": {
    "@openui5/sap.f": {
      "version": "1.91.0",
      "resolved": "https://registry.npmjs.org/@openui5/sap.f/-/sap.f-1.91.0.tgz",
      "integrity": "sha512-NcXnqWIRtLvMTq0yYI0cS9YrCkIvY1ECniVo+pkr4O7QLABE1QPAskpic8wlNBQn9el5N+HsBU/uy0zUKiYCNg==",
      "requires": {
        "@openui5/sap.m": "1.91.0",
        "@openui5/sap.ui.core": "1.91.0",
        "@openui5/sap.ui.layout": "1.91.0"
      }
    },
    "@openui5/sap.m": {
      "version": "1.91.0",
      "resolved": "https://registry.npmjs.org/@openui5/sap.m/-/sap.m-1.91.0.tgz",
      "integrity": "sha512-dFMvzRxDPYdu7YkOvA2NuMJRV0mnzGF/Ac0XoWhwteDr4pP2D9slCM4qZ+6GAGWTmckTMuaBqoJdmgq9wLdHdQ==",
      "requires": {
        "@openui5/sap.ui.core": "1.91.0",
        "@openui5/sap.ui.layout": "1.91.0",
        "@openui5/sap.ui.unified": "1.91.0"
      }
    },
    "@openui5/sap.tnt": {
      "version": "1.91.0",
      "resolved": "https://registry.npmjs.org/@openui5/sap.tnt/-/sap.tnt-1.91.0.tgz",
      "integrity": "sha512-PKzFq5TZtp4JuWW904ZDatiqCPr8EYUSRwQHAOLo22I69GLzsFRyQvshN1BCOMZ8tBnrAJ90ntI+BD3fw+cHGQ==",
      "requires": {
        "@openui5/sap.m": "1.91.0",
        "@openui5/sap.ui.core": "1.91.0"
      }
    },
    "@openui5/sap.ui.core": {
      "version": "1.91.0",
      "resolved": "https://registry.npmjs.org/@openui5/sap.ui.core/-/sap.ui.core-1.91.0.tgz",
      "integrity": "sha512-TnvBZQOofTktwA7F+c4YshDsRgpXTiHHWF3gNQiOEag4Nd2ryNDA2H9ASlfuK3jbiqyAB2Gr4w5j5qZGz0cjlA=="
    },
    "@openui5/sap.ui.layout": {
      "version": "1.91.0",
      "resolved": "https://registry.npmjs.org/@openui5/sap.ui.layout/-/sap.ui.layout-1.91.0.tgz",
      "integrity": "sha512-Cx3Qt89ktxyNdy/a24bdTPGpsdwkfTk9lRGwXmcdCKBehFebMLYd3mUomoaDksmQsTj0GQz9EJwlL2wxnXD4aw==",
      "requires": {
        "@openui5/sap.ui.core": "1.91.0"
      }
    },
    "@openui5/sap.ui.unified": {
      "version": "1.91.0",
      "resolved": "https://registry.npmjs.org/@openui5/sap.ui.unified/-/sap.ui.unified-1.91.0.tgz",
      "integrity": "sha512-HB+8huD0SvgwdRsIBmlaavjZdpscE2/kxZ15DZ6Dxeerrqlej+a0+bQmOrupEaDHwn/nfP2LnCTaqGThzow6jA==",
      "requires": {
        "@openui5/sap.ui.core": "1.91.0"
      }
    },
    "@openui5/sap.uxap": {
      "version": "1.91.0",
      "resolved": "https://registry.npmjs.org/@openui5/sap.uxap/-/sap.uxap-1.91.0.tgz",
      "integrity": "sha512-ZAHCUVNFBDhjZrEqYQrbqfMBD98I9P1lkqv78lxxVWf6ahdUgY7xTsCoD6dtWiLG3q5w2z14V53Gxvf+IgvvMw==",
      "requires": {
        "@openui5/sap.f": "1.91.0",
        "@openui5/sap.m": "1.91.0",
        "@openui5/sap.ui.core": "1.91.0",
        "@openui5/sap.ui.layout": "1.91.0"
      }
    },
    "@openui5/themelib_sap_fiori_3": {
      "version": "1.91.0",
      "resolved": "https://registry.npmjs.org/@openui5/themelib_sap_fiori_3/-/themelib_sap_fiori_3-1.91.0.tgz",
      "integrity": "sha512-6nyYUmESognWKuoMeZBBdA4jqOPdLJzck/9jzXbDe2VlHmyciXvyjIX4ZnxTuQiJjd1PezvW//H+QUB1sEVzTg=="
    }
  }
}
